
Microsoft Visual Studio Solution File, Format Version 12.00
# Visual Studio Version 16
VisualStudioVersion = 16.0.30523.141
MinimumVisualStudioVersion = 10.0.40219.1
Project("{FAE04EC0-301F-11D3-BF4B-00C04F79EFBC}") = "BBook", "BBook\BBook.csproj", "{76BEF607-F915-4D03-BCB7-E05741EC2F61}"
EndProject
Global
	GlobalSection(SolutionConfigurationPlatforms) = preSolution
		Debug|Any CPU = Debug|Any CPU
		Release|Any CPU = Release|Any CPU
	EndGlobalSection
	GlobalSection(ProjectConfigurationPlatforms) = postSolution
		{76BEF607-F915-4D03-BCB7-E05741EC2F61}.Debug|Any CPU.ActiveCfg = Debug|Any CPU
		{76BEF607-F915-4D03-BCB7-E05741EC2F61}.Debug|Any CPU.Build.0 = Debug|Any CPU
		{76BEF607-F915-4D03-BCB7-E05741EC2F61}.Release|Any CPU.ActiveCfg = Release|Any CPU
		{76BEF607-F915-4D03-BCB7-E05741EC2F61}.Release|Any CPU.Build.0 = Release|Any CPU
	EndGlobalSection
	GlobalSection(SolutionProperties) = preSolution
		HideSolutionNode = FALSE
	EndGlobalSection
	GlobalSection(ExtensibilityGlobals) = postSolution
		SolutionGuid = {6A4A4F69-173F-402D-9583-89C38F0B0E7F}
	EndGlobalSection
EndGlobal
